{
  "requires": true,
  "lockfileVersion": 1,
  "dependencies": {
    "extra-life": {
      "version": "1.0.5",
      "resolved": "https://registry.npmjs.org/extra-life/-/extra-life-1.0.5.tgz",
      "integrity": "sha512-Lmg584bGViMF+2CED7boaZhPLr68Q7vn0RUGAVMgo6O3NHlNkA0+YweYCFIeNooiL54DU5FC5jv+Tc9CMqQgLQ=="
    }
  }
}
